
Microsoft Visual Studio Solution File, Format Version 12.00
# Visual Studio Version 16
VisualStudioVersion = 16.0.32510.428
MinimumVisualStudioVersion = 10.0.40219.1
Project("{9A19103F-16F7-4668-BE54-9A1E7A4F7556}") = "PostbankApp", "PostbankApp\PostbankApp.csproj", "{BA05508D-6E78-4A93-ABFA-F382622B5536}"
EndProject
Global
	GlobalSection(SolutionConfigurationPlatforms) = preSolution
		Debug|Any CPU = Debug|Any CPU
		Release|Any CPU = Release|Any CPU
	EndGlobalSection
	GlobalSection(ProjectConfigurationPlatforms) = postSolution
		{BA05508D-6E78-4A93-ABFA-F382622B5536}.Debug|Any CPU.ActiveCfg = Debug|Any CPU
		{BA05508D-6E78-4A93-ABFA-F382622B5536}.Debug|Any CPU.Build.0 = Debug|Any CPU
		{BA05508D-6E78-4A93-ABFA-F382622B5536}.Release|Any CPU.ActiveCfg = Release|Any CPU
		{BA05508D-6E78-4A93-ABFA-F382622B5536}.Release|Any CPU.Build.0 = Release|Any CPU
	EndGlobalSection
	GlobalSection(SolutionProperties) = preSolution
		HideSolutionNode = FALSE
	EndGlobalSection
	GlobalSection(ExtensibilityGlobals) = postSolution
		SolutionGuid = {C23F18D3-7403-4876-B10A-8E76A8043618}
	EndGlobalSection
EndGlobal
